git.sr.ht/~rumpelsepp/helpers v0.0.0-20200507092224-e0e45f175561 h1:iriVJRViPWUNn8uzDalBk2A4Y8Vn+6/OvQ1/wy9HiFY=
git.sr.ht/~rumpelsepp/helpers v0.0.0-20200507092224-e0e45f175561/go.mod h1:+72F/Hnny3Vsdm3R99JyhBilOrA6uecji8X5BXR7ajY=
git.sr.ht/~rumpelsepp/rlog v0.0.0-20191119152513-6f7f3bf18e94 h1:FKy0DPi9zrwZTUrVEUTxoUkYwTs7sMZm1AqCQOHPKv4=
git.sr.ht/~rumpelsepp/rlog v0.0.0-20191119152513-6f7f3bf18e94/go.mod h1:dTKOP6rz9IOsggmuZbP6esFd1uDekwhxb7DXaEdSuSw=
git.sr.ht/~sircmpwn/getopt v0.0.0-20191230200459-23622cc906b3 h1:4wDp4BKF7NQqoh73VXpZsB/t1OEhDpz/zEpmdQfbjDk=
git.sr.ht/~sircmpwn/getopt v0.0.0-20191230200459-23622cc906b3/go.mod h1:wMEGFFFNuPos7vHmWXfszqImLppbc0wEhh6JBfJIUgw=
github.com/BurntSushi/toml v0.3.1/go.mod h1:xHWCNGjB5oqiDr8zfno3MHue2Ht5sIBksp03qcyfWMU=
github.com/davecgh/go-spew v1.1.0/go.mod h1:J7Y8YcW2NihsgmVo/mv3lAwl/skON4iLHjSsI+c5H38=
github.com/davecgh/go-spew v1.1.1/go.mod h1:J7Y8YcW2NihsgmVo/mv3lAwl/skON4iLHjSsI+c5H38=
github.com/gorilla/handlers v1.4.2 h1:0QniY0USkHQ1RGCLfKxeNHK9bkDHGRYGNDFBCS+YARg=
github.com/gorilla/handlers v1.4.2/go.mod h1:Qkdc/uu4tH4g6mTK6auzZ766c4CA0Ng8+o/OAirnOIQ=
github.com/gorilla/mux v1.7.4 h1:VuZ8uybHlWmqV03+zRzdwKL4tUnIp1MAQtp1mIFE1bc=
github.com/gorilla/mux v1.7.4/go.mod h1:DVbg23sWSpFRCP0SfiEN6jmj59UnW/n46BH5rLB71So=
github.com/pelletier/go-toml v1.8.0 h1:Keo9qb7iRJs2voHvunFtuuYFsbWeOBh8/P9v/kVMFtw=
github.com/pelletier/go-toml v1.8.0/go.mod h1:D6yutnOGMveHEPV7VQOuvI/gXY61bv+9bAOTRnLElKs=
github.com/pmezard/go-difflib v1.0.0/go.mod h1:iKH77koFhYxTK1pcRnkKkqfTogsbg7gZNVY4sRDYZ/4=
github.com/stretchr/objx v0.1.0/go.mod h1:HFkY916IF+rwdDfMAkV7OtwuqBVzrE8GR6GFx+wExME=
github.com/stretchr/testify v1.3.0/go.mod h1:M5WIy9Dh21IEIfnGCwXGc5bZfKNJtfHm1UVUgZn+9EI=
golang.org/x/crypto v0.0.0-20190308221718-c2843e01d9a2/go.mod h1:djNgcEr1/C05ACkg1iLfiJU5Ep61QUkGW8qpdssI0+w=
golang.org/x/crypto v0.0.0-20200302210943-78000ba7a073 h1:xMPOj6Pz6UipU1wXLkrtqpHbR0AVFnyPEQq/wRWz9lM=
golang.org/x/crypto v0.0.0-20200302210943-78000ba7a073/go.mod h1:LzIPMQfyMNhhGPhUkYOs5KpL4U8rLKemX1yGLhDgUto=
golang.org/x/net v0.0.0-20190404232315-eb5bcb51f2a3/go.mod h1:t9HGtf8HONx5eT2rtn7q6eTqICYqUVnKs3thJo3Qplg=
golang.org/x/sys v0.0.0-20190215142949-d0b11bdaac8a/go.mod h1:STP8DvDyc/dI5b8T5hshtkjS+E42TnysNCUPdjciGhY=
golang.org/x/sys v0.0.0-20190412213103-97732733099d/go.mod h1:h1NjWce9XRLGQEsW7wpKNCjG9DtNlClVuFLEZdDNbEs=
golang.org/x/sys v0.0.0-20200302150141-5c8b2ff67527/go.mod h1:h1NjWce9XRLGQEsW7wpKNCjG9DtNlClVuFLEZdDNbEs=
golang.org/x/sys v0.0.0-20200515095857-1151b9dac4a9 h1:YTzHMGlqJu67/uEo1lBv0n3wBXhXNeUbB1XfN2vmTm0=
golang.org/x/sys v0.0.0-20200515095857-1151b9dac4a9/go.mod h1:h1NjWce9XRLGQEsW7wpKNCjG9DtNlClVuFLEZdDNbEs=
golang.org/x/text v0.3.0/go.mod h1:NqM8EUOU14njkJ3fqMW+pc6Ldnwhi/IjpwHt7yyuwOQ=
gopkg.in/check.v1 v0.0.0-20161208181325-20d25e280405/go.mod h1:Co6ibVJAznAaIkqp8huTwlJQCZ016jof/cbN4VW5Yz0=
gopkg.in/yaml.v2 v2.3.0/go.mod h1:hI93XBmqTisBFMUTm0b8Fm+jr3Dg1NNxqwp+5A1VGuI=
